
Microsoft Visual Studio Solution File, Format Version 12.00
# Visual Studio Version 18
VisualStudioVersion = 18.4.11605.240
MinimumVisualStudioVersion = 10.0.40219.1
Project("{2150E333-8FDC-42A3-9474-1A3956D46DE8}") = "src", "src", "{DB253607-58BB-46C5-A569-FCF678F1216B}"
EndProject
Project("{9A19103F-16F7-4668-BE54-9A1E7A4F7556}") = "VirtoCommerce.BackgroundJobs.Web", "src\VirtoCommerce.BackgroundJobs.Web\VirtoCommerce.BackgroundJobs.Web.csproj", "{71729636-3D50-450A-8277-0677AD82E1E6}"
EndProject
Project("{9A19103F-16F7-4668-BE54-9A1E7A4F7556}") = "VirtoCommerce.BackgroundJobs.Data", "src\VirtoCommerce.BackgroundJobs.Data\VirtoCommerce.BackgroundJobs.Data.csproj", "{A13C97DE-727B-4218-B0A9-E10DDF8ECF66}"
EndProject
Project("{9A19103F-16F7-4668-BE54-9A1E7A4F7556}") = "VirtoCommerce.BackgroundJobs.Core", "src\VirtoCommerce.BackgroundJobs.Core\VirtoCommerce.BackgroundJobs.Core.csproj", "{91CF23D5-A172-4A0A-BC89-8BC27A1F3FAD}"
EndProject
Project("{2150E333-8FDC-42A3-9474-1A3956D46DE8}") = "tests", "tests", "{BDFB6872-92F4-4F40-B22A-68E06BD9D9A4}"
EndProject
Project("{9A19103F-16F7-4668-BE54-9A1E7A4F7556}") = "VirtoCommerce.BackgroundJobs.Tests", "tests\VirtoCommerce.BackgroundJobs.Tests\VirtoCommerce.BackgroundJobs.Tests.csproj", "{F888009F-9224-42FD-AC05-9B6465D63572}"
EndProject
Project("{2150E333-8FDC-42A3-9474-1A3956D46DE8}") = "Solution Items", "Solution Items", "{34ED4F1A-6E2F-4F5E-ADF3-EDE74F85D8C5}"
	ProjectSection(SolutionItems) = preProject
		.editorconfig = .editorconfig
		.gitignore = .gitignore
		Directory.Build.props = Directory.Build.props
		LICENSE = LICENSE
		module.ignore = module.ignore
		module.keep = module.keep
		README.md = README.md
		VirtoCommerce.BackgroundJobs.sln.DotSettings = VirtoCommerce.BackgroundJobs.sln.DotSettings
	EndProjectSection
EndProject
Project("{FAE04EC0-301F-11D3-BF4B-00C04F79EFBC}") = "VirtoCommerce.BackgroundJobs.Hangfire", "src\VirtoCommerce.BackgroundJobs.Hangfire\VirtoCommerce.BackgroundJobs.Hangfire.csproj", "{8F64EA3A-6341-4F46-A7E7-0EE946E0FE51}"
EndProject
Project("{FAE04EC0-301F-11D3-BF4B-00C04F79EFBC}") = "VirtoCommerce.Platform.Hangfire.Shim", "src\VirtoCommerce.Platform.Hangfire.Shim\VirtoCommerce.Platform.Hangfire.Shim.csproj", "{1D2DC2B6-BA21-4207-A7DD-AC1B8EFF8E2C}"
EndProject
Project("{FAE04EC0-301F-11D3-BF4B-00C04F79EFBC}") = "VirtoCommerce.BackgroundJobs.RabbitMQ", "src\VirtoCommerce.BackgroundJobs.RabbitMQ\VirtoCommerce.BackgroundJobs.RabbitMQ.csproj", "{9337DCEE-CE12-4502-A55B-66C7DD8C7EAF}"
EndProject
Project("{2150E333-8FDC-42A3-9474-1A3956D46DE8}") = "samples", "samples", "{5D20AA90-6969-D8BD-9DCD-8634F4692FDA}"
EndProject
Project("{FAE04EC0-301F-11D3-BF4B-00C04F79EFBC}") = "VirtoCommerce.BackgroundJobs.SampleModule", "samples\VirtoCommerce.BackgroundJobs.SampleModule\VirtoCommerce.BackgroundJobs.SampleModule.csproj", "{91ACF631-4964-473A-94FD-7B5CB2BE374B}"
EndProject
Project("{FAE04EC0-301F-11D3-BF4B-00C04F79EFBC}") = "VirtoCommerce.BackgroundJobs.GoogleCloudTasks", "samples\VirtoCommerce.BackgroundJobs.GoogleCloudTasks\VirtoCommerce.BackgroundJobs.GoogleCloudTasks.csproj", "{781B19C6-C376-4A2D-A9EC-45EF2F620047}"
EndProject
Global
	GlobalSection(SolutionConfigurationPlatforms) = preSolution
		Debug|Any CPU = Debug|Any CPU
		Debug|x64 = Debug|x64
		Debug|x86 = Debug|x86
		Release|Any CPU = Release|Any CPU
		Release|x64 = Release|x64
		Release|x86 = Release|x86
	EndGlobalSection
	GlobalSection(ProjectConfigurationPlatforms) = postSolution
		{71729636-3D50-450A-8277-0677AD82E1E6}.Debug|Any CPU.ActiveCfg = Debug|Any CPU
		{71729636-3D50-450A-8277-0677AD82E1E6}.Debug|Any CPU.Build.0 = Debug|Any CPU
		{71729636-3D50-450A-8277-0677AD82E1E6}.Debug|x64.ActiveCfg = Debug|Any CPU
		{71729636-3D50-450A-8277-0677AD82E1E6}.Debug|x64.Build.0 = Debug|Any CPU
		{71729636-3D50-450A-8277-0677AD82E1E6}.Debug|x86.ActiveCfg = Debug|Any CPU
		{71729636-3D50-450A-8277-0677AD82E1E6}.Debug|x86.Build.0 = Debug|Any CPU
		{71729636-3D50-450A-8277-0677AD82E1E6}.Release|Any CPU.ActiveCfg = Release|Any CPU
		{71729636-3D50-450A-8277-0677AD82E1E6}.Release|Any CPU.Build.0 = Release|Any CPU
		{71729636-3D50-450A-8277-0677AD82E1E6}.Release|x64.ActiveCfg = Release|Any CPU
		{71729636-3D50-450A-8277-0677AD82E1E6}.Release|x64.Build.0 = Release|Any CPU
		{71729636-3D50-450A-8277-0677AD82E1E6}.Release|x86.ActiveCfg = Release|Any CPU
		{71729636-3D50-450A-8277-0677AD82E1E6}.Release|x86.Build.0 = Release|Any CPU
		{A13C97DE-727B-4218-B0A9-E10DDF8ECF66}.Debug|Any CPU.ActiveCfg = Debug|Any CPU
		{A13C97DE-727B-4218-B0A9-E10DDF8ECF66}.Debug|Any CPU.Build.0 = Debug|Any CPU
		{A13C97DE-727B-4218-B0A9-E10DDF8ECF66}.Debug|x64.ActiveCfg = Debug|Any CPU
		{A13C97DE-727B-4218-B0A9-E10DDF8ECF66}.Debug|x64.Build.0 = Debug|Any CPU
		{A13C97DE-727B-4218-B0A9-E10DDF8ECF66}.Debug|x86.ActiveCfg = Debug|Any CPU
		{A13C97DE-727B-4218-B0A9-E10DDF8ECF66}.Debug|x86.Build.0 = Debug|Any CPU
		{A13C97DE-727B-4218-B0A9-E10DDF8ECF66}.Release|Any CPU.ActiveCfg = Release|Any CPU
		{A13C97DE-727B-4218-B0A9-E10DDF8ECF66}.Release|Any CPU.Build.0 = Release|Any CPU
		{A13C97DE-727B-4218-B0A9-E10DDF8ECF66}.Release|x64.ActiveCfg = Release|Any CPU
		{A13C97DE-727B-4218-B0A9-E10DDF8ECF66}.Release|x64.Build.0 = Release|Any CPU
		{A13C97DE-727B-4218-B0A9-E10DDF8ECF66}.Release|x86.ActiveCfg = Release|Any CPU
		{A13C97DE-727B-4218-B0A9-E10DDF8ECF66}.Release|x86.Build.0 = Release|Any CPU
		{91CF23D5-A172-4A0A-BC89-8BC27A1F3FAD}.Debug|Any CPU.ActiveCfg = Debug|Any CPU
		{91CF23D5-A172-4A0A-BC89-8BC27A1F3FAD}.Debug|Any CPU.Build.0 = Debug|Any CPU
		{91CF23D5-A172-4A0A-BC89-8BC27A1F3FAD}.Debug|x64.ActiveCfg = Debug|Any CPU
		{91CF23D5-A172-4A0A-BC89-8BC27A1F3FAD}.Debug|x64.Build.0 = Debug|Any CPU
		{91CF23D5-A172-4A0A-BC89-8BC27A1F3FAD}.Debug|x86.ActiveCfg = Debug|Any CPU
		{91CF23D5-A172-4A0A-BC89-8BC27A1F3FAD}.Debug|x86.Build.0 = Debug|Any CPU
		{91CF23D5-A172-4A0A-BC89-8BC27A1F3FAD}.Release|Any CPU.ActiveCfg = Release|Any CPU
		{91CF23D5-A172-4A0A-BC89-8BC27A1F3FAD}.Release|Any CPU.Build.0 = Release|Any CPU
		{91CF23D5-A172-4A0A-BC89-8BC27A1F3FAD}.Release|x64.ActiveCfg = Release|Any CPU
		{91CF23D5-A172-4A0A-BC89-8BC27A1F3FAD}.Release|x64.Build.0 = Release|Any CPU
		{91CF23D5-A172-4A0A-BC89-8BC27A1F3FAD}.Release|x86.ActiveCfg = Release|Any CPU
		{91CF23D5-A172-4A0A-BC89-8BC27A1F3FAD}.Release|x86.Build.0 = Release|Any CPU
		{F888009F-9224-42FD-AC05-9B6465D63572}.Debug|Any CPU.ActiveCfg = Debug|Any CPU
		{F888009F-9224-42FD-AC05-9B6465D63572}.Debug|Any CPU.Build.0 = Debug|Any CPU
		{F888009F-9224-42FD-AC05-9B6465D63572}.Debug|x64.ActiveCfg = Debug|Any CPU
		{F888009F-9224-42FD-AC05-9B6465D63572}.Debug|x64.Build.0 = Debug|Any CPU
		{F888009F-9224-42FD-AC05-9B6465D63572}.Debug|x86.ActiveCfg = Debug|Any CPU
		{F888009F-9224-42FD-AC05-9B6465D63572}.Debug|x86.Build.0 = Debug|Any CPU
		{F888009F-9224-42FD-AC05-9B6465D63572}.Release|Any CPU.ActiveCfg = Release|Any CPU
		{F888009F-9224-42FD-AC05-9B6465D63572}.Release|Any CPU.Build.0 = Release|Any CPU
		{F888009F-9224-42FD-AC05-9B6465D63572}.Release|x64.ActiveCfg = Release|Any CPU
		{F888009F-9224-42FD-AC05-9B6465D63572}.Release|x64.Build.0 = Release|Any CPU
		{F888009F-9224-42FD-AC05-9B6465D63572}.Release|x86.ActiveCfg = Release|Any CPU
		{F888009F-9224-42FD-AC05-9B6465D63572}.Release|x86.Build.0 = Release|Any CPU
		{8F64EA3A-6341-4F46-A7E7-0EE946E0FE51}.Debug|Any CPU.ActiveCfg = Debug|Any CPU
		{8F64EA3A-6341-4F46-A7E7-0EE946E0FE51}.Debug|Any CPU.Build.0 = Debug|Any CPU
		{8F64EA3A-6341-4F46-A7E7-0EE946E0FE51}.Debug|x64.ActiveCfg = Debug|Any CPU
		{8F64EA3A-6341-4F46-A7E7-0EE946E0FE51}.Debug|x64.Build.0 = Debug|Any CPU
		{8F64EA3A-6341-4F46-A7E7-0EE946E0FE51}.Debug|x86.ActiveCfg = Debug|Any CPU
		{8F64EA3A-6341-4F46-A7E7-0EE946E0FE51}.Debug|x86.Build.0 = Debug|Any CPU
		{8F64EA3A-6341-4F46-A7E7-0EE946E0FE51}.Release|Any CPU.ActiveCfg = Release|Any CPU
		{8F64EA3A-6341-4F46-A7E7-0EE946E0FE51}.Release|Any CPU.Build.0 = Release|Any CPU
		{8F64EA3A-6341-4F46-A7E7-0EE946E0FE51}.Release|x64.ActiveCfg = Release|Any CPU
		{8F64EA3A-6341-4F46-A7E7-0EE946E0FE51}.Release|x64.Build.0 = Release|Any CPU
		{8F64EA3A-6341-4F46-A7E7-0EE946E0FE51}.Release|x86.ActiveCfg = Release|Any CPU
		{8F64EA3A-6341-4F46-A7E7-0EE946E0FE51}.Release|x86.Build.0 = Release|Any CPU
		{1D2DC2B6-BA21-4207-A7DD-AC1B8EFF8E2C}.Debug|Any CPU.ActiveCfg = Debug|Any CPU
		{1D2DC2B6-BA21-4207-A7DD-AC1B8EFF8E2C}.Debug|Any CPU.Build.0 = Debug|Any CPU
		{1D2DC2B6-BA21-4207-A7DD-AC1B8EFF8E2C}.Debug|x64.ActiveCfg = Debug|Any CPU
		{1D2DC2B6-BA21-4207-A7DD-AC1B8EFF8E2C}.Debug|x64.Build.0 = Debug|Any CPU
		{1D2DC2B6-BA21-4207-A7DD-AC1B8EFF8E2C}.Debug|x86.ActiveCfg = Debug|Any CPU
		{1D2DC2B6-BA21-4207-A7DD-AC1B8EFF8E2C}.Debug|x86.Build.0 = Debug|Any CPU
		{1D2DC2B6-BA21-4207-A7DD-AC1B8EFF8E2C}.Release|Any CPU.ActiveCfg = Release|Any CPU
		{1D2DC2B6-BA21-4207-A7DD-AC1B8EFF8E2C}.Release|Any CPU.Build.0 = Release|Any CPU
		{1D2DC2B6-BA21-4207-A7DD-AC1B8EFF8E2C}.Release|x64.ActiveCfg = Release|Any CPU
		{1D2DC2B6-BA21-4207-A7DD-AC1B8EFF8E2C}.Release|x64.Build.0 = Release|Any CPU
		{1D2DC2B6-BA21-4207-A7DD-AC1B8EFF8E2C}.Release|x86.ActiveCfg = Release|Any CPU
		{1D2DC2B6-BA21-4207-A7DD-AC1B8EFF8E2C}.Release|x86.Build.0 = Release|Any CPU
		{9337DCEE-CE12-4502-A55B-66C7DD8C7EAF}.Debug|Any CPU.ActiveCfg = Debug|Any CPU
		{9337DCEE-CE12-4502-A55B-66C7DD8C7EAF}.Debug|Any CPU.Build.0 = Debug|Any CPU
		{9337DCEE-CE12-4502-A55B-66C7DD8C7EAF}.Debug|x64.ActiveCfg = Debug|Any CPU
		{9337DCEE-CE12-4502-A55B-66C7DD8C7EAF}.Debug|x64.Build.0 = Debug|Any CPU
		{9337DCEE-CE12-4502-A55B-66C7DD8C7EAF}.Debug|x86.ActiveCfg = Debug|Any CPU
		{9337DCEE-CE12-4502-A55B-66C7DD8C7EAF}.Debug|x86.Build.0 = Debug|Any CPU
		{9337DCEE-CE12-4502-A55B-66C7DD8C7EAF}.Release|Any CPU.ActiveCfg = Release|Any CPU
		{9337DCEE-CE12-4502-A55B-66C7DD8C7EAF}.Release|Any CPU.Build.0 = Release|Any CPU
		{9337DCEE-CE12-4502-A55B-66C7DD8C7EAF}.Release|x64.ActiveCfg = Release|Any CPU
		{9337DCEE-CE12-4502-A55B-66C7DD8C7EAF}.Release|x64.Build.0 = Release|Any CPU
		{9337DCEE-CE12-4502-A55B-66C7DD8C7EAF}.Release|x86.ActiveCfg = Release|Any CPU
		{9337DCEE-CE12-4502-A55B-66C7DD8C7EAF}.Release|x86.Build.0 = Release|Any CPU
		{91ACF631-4964-473A-94FD-7B5CB2BE374B}.Debug|Any CPU.ActiveCfg = Debug|Any CPU
		{91ACF631-4964-473A-94FD-7B5CB2BE374B}.Debug|Any CPU.Build.0 = Debug|Any CPU
		{91ACF631-4964-473A-94FD-7B5CB2BE374B}.Debug|x64.ActiveCfg = Debug|Any CPU
		{91ACF631-4964-473A-94FD-7B5CB2BE374B}.Debug|x64.Build.0 = Debug|Any CPU
		{91ACF631-4964-473A-94FD-7B5CB2BE374B}.Debug|x86.ActiveCfg = Debug|Any CPU
		{91ACF631-4964-473A-94FD-7B5CB2BE374B}.Debug|x86.Build.0 = Debug|Any CPU
		{91ACF631-4964-473A-94FD-7B5CB2BE374B}.Release|Any CPU.ActiveCfg = Release|Any CPU
		{91ACF631-4964-473A-94FD-7B5CB2BE374B}.Release|Any CPU.Build.0 = Release|Any CPU
		{91ACF631-4964-473A-94FD-7B5CB2BE374B}.Release|x64.ActiveCfg = Release|Any CPU
		{91ACF631-4964-473A-94FD-7B5CB2BE374B}.Release|x64.Build.0 = Release|Any CPU
		{91ACF631-4964-473A-94FD-7B5CB2BE374B}.Release|x86.ActiveCfg = Release|Any CPU
		{91ACF631-4964-473A-94FD-7B5CB2BE374B}.Release|x86.Build.0 = Release|Any CPU
		{781B19C6-C376-4A2D-A9EC-45EF2F620047}.Debug|Any CPU.ActiveCfg = Debug|Any CPU
		{781B19C6-C376-4A2D-A9EC-45EF2F620047}.Debug|Any CPU.Build.0 = Debug|Any CPU
		{781B19C6-C376-4A2D-A9EC-45EF2F620047}.Debug|x64.ActiveCfg = Debug|Any CPU
		{781B19C6-C376-4A2D-A9EC-45EF2F620047}.Debug|x64.Build.0 = Debug|Any CPU
		{781B19C6-C376-4A2D-A9EC-45EF2F620047}.Debug|x86.ActiveCfg = Debug|Any CPU
		{781B19C6-C376-4A2D-A9EC-45EF2F620047}.Debug|x86.Build.0 = Debug|Any CPU
		{781B19C6-C376-4A2D-A9EC-45EF2F620047}.Release|Any CPU.ActiveCfg = Release|Any CPU
		{781B19C6-C376-4A2D-A9EC-45EF2F620047}.Release|Any CPU.Build.0 = Release|Any CPU
		{781B19C6-C376-4A2D-A9EC-45EF2F620047}.Release|x64.ActiveCfg = Release|Any CPU
		{781B19C6-C376-4A2D-A9EC-45EF2F620047}.Release|x64.Build.0 = Release|Any CPU
		{781B19C6-C376-4A2D-A9EC-45EF2F620047}.Release|x86.ActiveCfg = Release|Any CPU
		{781B19C6-C376-4A2D-A9EC-45EF2F620047}.Release|x86.Build.0 = Release|Any CPU
	EndGlobalSection
	GlobalSection(SolutionProperties) = preSolution
		HideSolutionNode = FALSE
	EndGlobalSection
	GlobalSection(NestedProjects) = preSolution
		{71729636-3D50-450A-8277-0677AD82E1E6} = {DB253607-58BB-46C5-A569-FCF678F1216B}
		{A13C97DE-727B-4218-B0A9-E10DDF8ECF66} = {DB253607-58BB-46C5-A569-FCF678F1216B}
		{91CF23D5-A172-4A0A-BC89-8BC27A1F3FAD} = {DB253607-58BB-46C5-A569-FCF678F1216B}
		{F888009F-9224-42FD-AC05-9B6465D63572} = {BDFB6872-92F4-4F40-B22A-68E06BD9D9A4}
		{8F64EA3A-6341-4F46-A7E7-0EE946E0FE51} = {DB253607-58BB-46C5-A569-FCF678F1216B}
		{1D2DC2B6-BA21-4207-A7DD-AC1B8EFF8E2C} = {DB253607-58BB-46C5-A569-FCF678F1216B}
		{9337DCEE-CE12-4502-A55B-66C7DD8C7EAF} = {DB253607-58BB-46C5-A569-FCF678F1216B}
		{91ACF631-4964-473A-94FD-7B5CB2BE374B} = {5D20AA90-6969-D8BD-9DCD-8634F4692FDA}
		{781B19C6-C376-4A2D-A9EC-45EF2F620047} = {5D20AA90-6969-D8BD-9DCD-8634F4692FDA}
	EndGlobalSection
	GlobalSection(ExtensibilityGlobals) = postSolution
		SolutionGuid = {64EF57B5-4469-42C2-8DA4-4F02B47BF3FD}
	EndGlobalSection
EndGlobal
